
Microsoft Visual Studio Solution File, Format Version 12.00
# Visual Studio 2012
Project("{D954291E-2A0B-460D-934E-DC6B0785DB48}") = "TescoPOC", "TescoPOC\TescoPOC.shproj", "{62F1FEC3-93F4-4ABA-A133-10716F4AF003}"
EndProject
Project("{FAE04EC0-301F-11D3-BF4B-00C04F79EFBC}") = "TescoPOC.Droid", "Droid\TescoPOC.Droid.csproj", "{82D9CF21-DA2B-43CD-91BE-5016F39AF092}"
EndProject
Global
	GlobalSection(SolutionConfigurationPlatforms) = preSolution
		Debug|Any CPU = Debug|Any CPU
		Release|Any CPU = Release|Any CPU
	EndGlobalSection
	GlobalSection(ProjectConfigurationPlatforms) = postSolution
		{82D9CF21-DA2B-43CD-91BE-5016F39AF092}.Debug|Any CPU.ActiveCfg = Debug|Any CPU
		{82D9CF21-DA2B-43CD-91BE-5016F39AF092}.Debug|Any CPU.Build.0 = Debug|Any CPU
		{82D9CF21-DA2B-43CD-91BE-5016F39AF092}.Release|Any CPU.ActiveCfg = Release|Any CPU
		{82D9CF21-DA2B-43CD-91BE-5016F39AF092}.Release|Any CPU.Build.0 = Release|Any CPU
	EndGlobalSection
EndGlobal
